<?xml version="1.0" encoding="utf-8"?>
<Project ToolsVersion="4.0" xmlns="http://schemas.microsoft.com/developer/msbuild/2003">
  <ItemGroup>
    <Filter Include="Source Files">
      <UniqueIdentifier>{4FC737F1-C7A5-4376-A066-2A32D752A2FF}</UniqueIdentifier>
      <Extensions>cpp;c;cc;cxx;def;odl;idl;hpj;bat;asm;asmx</Extensions>
    </Filter>
    <Filter Include="Header Files">
      <UniqueIdentifier>{93995380-89BD-4b04-88EB-625FBE52EBFB}</UniqueIdentifier>
      <Extensions>h;hh;hpp;hxx;hm;inl;inc;ipp;xsd</Extensions>
    </Filter>
    <Filter Include="Resource Files">
      <UniqueIdentifier>{67DA6AB6-F800-4c08-8B7A-83BB121AAD01}</UniqueIdentifier>
      <Extensions>rc;ico;cur;bmp;dlg;rc2;rct;bin;rgs;gif;jpg;jpeg;jpe;resx;tiff;tif;png;wav;mfcribbon-ms</Extensions>
    </Filter>
    <Filter Include="Header Files\characters">
      <UniqueIdentifier>{86db9fd8-51c7-42b7-999c-c3c424d2410a}</UniqueIdentifier>
    </Filter>
    <Filter Include="Header Files\items">
      <UniqueIdentifier>{66244ad9-30ef-402e-a707-acf332d82c47}</UniqueIdentifier>
    </Filter>
    <Filter Include="Header Files\characters\enemies">
      <UniqueIdentifier>{ac764412-5059-44ec-a2cf-2fbc656ba880}</UniqueIdentifier>
    </Filter>
    <Filter Include="Header Files\characters\playerChars">
      <UniqueIdentifier>{f6b94743-42af-4a9b-b0ba-9cd49f8f3821}</UniqueIdentifier>
    </Filter>
    <Filter Include="Header Files\screens">
      <UniqueIdentifier>{b5f196fc-c052-43bb-8e95-3b128774490d}</UniqueIdentifier>
    </Filter>
  </ItemGroup>
  <ItemGroup>
    <ClCompile Include="RoguelikeDnD.cpp">
      <Filter>Source Files</Filter>
    </ClCompile>
  </ItemGroup>
  <ItemGroup>
    <ClInclude Include="KeyStrokes.h">
      <Filter>Header Files</Filter>
    </ClInclude>
    <ClInclude Include="Room.h">
      <Filter>Header Files</Filter>
    </ClInclude>
    <ClInclude Include="GameMap.h">
      <Filter>Header Files</Filter>
    </ClInclude>
    <ClInclude Include="PlayerInfo.h">
      <Filter>Header Files</Filter>
    </ClInclude>
    <ClInclude Include="Character.h">
      <Filter>Header Files\characters</Filter>
    </ClInclude>
    <ClInclude Include="EnemyCharacter.h">
      <Filter>Header Files\characters</Filter>
    </ClInclude>
    <ClInclude Include="PlayerCharacter.h">
      <Filter>Header Files\characters</Filter>
    </ClInclude>
    <ClInclude Include="Message.h">
      <Filter>Header Files</Filter>
    </ClInclude>
    <ClInclude Include="Item.h">
      <Filter>Header Files\items</Filter>
    </ClInclude>
    <ClInclude Include="Equipment.h">
      <Filter>Header Files\items</Filter>
    </ClInclude>
    <ClInclude Include="Weapon.h">
      <Filter>Header Files\items</Filter>
    </ClInclude>
    <ClInclude Include="Bugbear.h">
      <Filter>Header Files\characters\enemies</Filter>
    </ClInclude>
    <ClInclude Include="Cultist.h">
      <Filter>Header Files\characters\enemies</Filter>
    </ClInclude>
    <ClInclude Include="Goblin.h">
      <Filter>Header Files\characters\enemies</Filter>
    </ClInclude>
    <ClInclude Include="Hobgoblin.h">
      <Filter>Header Files\characters\enemies</Filter>
    </ClInclude>
    <ClInclude Include="Jackal.h">
      <Filter>Header Files\characters\enemies</Filter>
    </ClInclude>
    <ClInclude Include="Kobold.h">
      <Filter>Header Files\characters\enemies</Filter>
    </ClInclude>
    <ClInclude Include="Orc.h">
      <Filter>Header Files\characters\enemies</Filter>
    </ClInclude>
    <ClInclude Include="Skeleton.h">
      <Filter>Header Files\characters\enemies</Filter>
    </ClInclude>
    <ClInclude Include="Thug.h">
      <Filter>Header Files\characters\enemies</Filter>
    </ClInclude>
    <ClInclude Include="Vulture.h">
      <Filter>Header Files\characters\enemies</Filter>
    </ClInclude>
    <ClInclude Include="Zombie.h">
      <Filter>Header Files\characters\enemies</Filter>
    </ClInclude>
    <ClInclude Include="Fighter.h">
      <Filter>Header Files\characters\playerChars</Filter>
    </ClInclude>
    <ClInclude Include="DeathScreen.h">
      <Filter>Header Files\screens</Filter>
    </ClInclude>
    <ClInclude Include="StartScreen.h">
      <Filter>Header Files\screens</Filter>
    </ClInclude>
    <ClInclude Include="HelpScreen.h">
      <Filter>Header Files\screens</Filter>
    </ClInclude>
    <ClInclude Include="Ration.h">
      <Filter>Header Files\items</Filter>
    </ClInclude>
    <ClInclude Include="Gold.h">
      <Filter>Header Files\items</Filter>
    </ClInclude>
    <ClInclude Include="Helper.h">
      <Filter>Header Files</Filter>
    </ClInclude>
    <ClInclude Include="UnitsAndItems.h">
      <Filter>Header Files</Filter>
    </ClInclude>
    <ClInclude Include="Merrow.h">
      <Filter>Header Files\characters\enemies</Filter>
    </ClInclude>
    <ClInclude Include="Nightmare.h">
      <Filter>Header Files\characters\enemies</Filter>
    </ClInclude>
    <ClInclude Include="WinterWolf.h">
      <Filter>Header Files\characters\enemies</Filter>
    </ClInclude>
  </ItemGroup>
</Project>